// !$*UTF8*$!
{
	archiveVersion = 1;
	classes = {
	};
	objectVersion = 48;
	objects = {

/* Begin PBXBuildFile section */
		BB7132261FA1B51400E1B4BE /* AppDelegate.swift in Sources */ = {isa = PBXBuildFile; fileRef = BB7132251FA1B51400E1B4BE /* AppDelegate.swift */; };
		BB7132281FA1B51400E1B4BE /* ViewController.swift in Sources */ = {isa = PBXBuildFile; fileRef = BB7132271FA1B51400E1B4BE /* ViewController.swift */; };
		BB71322B1FA1B51400E1B4BE /* Main.storyboard in Resources */ = {isa = PBXBuildFile; fileRef = BB7132291FA1B51400E1B4BE /* Main.storyboard */; };
		BB71322D1FA1B51400E1B4BE /* Assets.xcassets in Resources */ = {isa = PBXBuildFile; fileRef = BB71322C1FA1B51400E1B4BE /* Assets.xcassets */; };
		BB7132301FA1B51400E1B4BE /* LaunchScreen.storyboard in Resources */ = {isa = PBXBuildFile; fileRef = BB71322E1FA1B51400E1B4BE /* LaunchScreen.storyboard */; };
		BB71323B1FA1B51400E1B4BE /* poc_i18nTests.swift in Sources */ = {isa = PBXBuildFile; fileRef = BB71323A1FA1B51400E1B4BE /* poc_i18nTests.swift */; };
		BB7132461FA1B51400E1B4BE /* poc_i18nUITests.swift in Sources */ = {isa = PBXBuildFile; fileRef = BB7132451FA1B51400E1B4BE /* poc_i18nUITests.swift */; };
		BB7132571FA1BC8100E1B4BE /* InfoPlist.strings in Resources */ = {isa = PBXBuildFile; fileRef = BB7132591FA1BC8100E1B4BE /* InfoPlist.strings */; };
		BB71325C1FA1BC8100E1B4BE /* Localizable.strings in Resources */ = {isa = PBXBuildFile; fileRef = BB71325E1FA1BC8100E1B4BE /* Localizable.strings */; };
/* End PBXBuildFile section */

/* Begin PBXContainerItemProxy section */
		BB7132371FA1B51400E1B4BE /* PBXContainerItemProxy */ = {
			isa = PBXContainerItemProxy;
			containerPortal = BB71321A1FA1B51300E1B4BE /* Project object */;
			proxyType = 1;
			remoteGlobalIDString = BB7132211FA1B51300E1B4BE;
			remoteInfo = "poc-i18n";
		};
		BB7132421FA1B51400E1B4BE /* PBXContainerItemProxy */ = {
			isa = PBXContainerItemProxy;
			containerPortal = BB71321A1FA1B51300E1B4BE /* Project object */;
			proxyType = 1;
			remoteGlobalIDString = BB7132211FA1B51300E1B4BE;
			remoteInfo = "poc-i18n";
		};
/* End PBXContainerItemProxy section */

/* Begin PBXFileReference section */
		BB7132221FA1B51400E1B4BE /* poc-i18n.app */ = {isa = PBXFileReference; explicitFileType = wrapper.application; includeInIndex = 0; path = "poc-i18n.app"; sourceTree = BUILT_PRODUCTS_DIR; };
		BB7132251FA1B51400E1B4BE /* AppDelegate.swift */ = {isa = PBXFileReference; lastKnownFileType = sourcecode.swift; path = AppDelegate.swift; sourceTree = "<group>"; };
		BB7132271FA1B51400E1B4BE /* ViewController.swift */ = {isa = PBXFileReference; lastKnownFileType = sourcecode.swift; path = ViewController.swift; sourceTree = "<group>"; };
		BB71322A1FA1B51400E1B4BE /* Base */ = {isa = PBXFileReference; lastKnownFileType = file.storyboard; name = Base; path = Base.lproj/Main.storyboard; sourceTree = "<group>"; };
		BB71322C1FA1B51400E1B4BE /* Assets.xcassets */ = {isa = PBXFileReference; lastKnownFileType = folder.assetcatalog; path = Assets.xcassets; sourceTree = "<group>"; };
		BB71322F1FA1B51400E1B4BE /* Base */ = {isa = PBXFileReference; lastKnownFileType = file.storyboard; name = Base; path = Base.lproj/LaunchScreen.storyboard; sourceTree = "<group>"; };
		BB7132311FA1B51400E1B4BE /* Info.plist */ = {isa = PBXFileReference; lastKnownFileType = text.plist.xml; path = Info.plist; sourceTree = "<group>"; };
		BB7132361FA1B51400E1B4BE /* poc-i18nTests.xctest */ = {isa = PBXFileReference; explicitFileType = wrapper.cfbundle; includeInIndex = 0; path = "poc-i18nTests.xctest"; sourceTree = BUILT_PRODUCTS_DIR; };
		BB71323A1FA1B51400E1B4BE /* poc_i18nTests.swift */ = {isa = PBXFileReference; lastKnownFileType = sourcecode.swift; path = poc_i18nTests.swift; sourceTree = "<group>"; };
		BB71323C1FA1B51400E1B4BE /* Info.plist */ = {isa = PBXFileReference; lastKnownFileType = text.plist.xml; path = Info.plist; sourceTree = "<group>"; };
		BB7132411FA1B51400E1B4BE /* poc-i18nUITests.xctest */ = {isa = PBXFileReference; explicitFileType = wrapper.cfbundle; includeInIndex = 0; path = "poc-i18nUITests.xctest"; sourceTree = BUILT_PRODUCTS_DIR; };
		BB7132451FA1B51400E1B4BE /* poc_i18nUITests.swift */ = {isa = PBXFileReference; lastKnownFileType = sourcecode.swift; path = poc_i18nUITests.swift; sourceTree = "<group>"; };
		BB7132471FA1B51400E1B4BE /* Info.plist */ = {isa = PBXFileReference; lastKnownFileType = text.plist.xml; path = Info.plist; sourceTree = "<group>"; };
		BB7132531FA1BC1800E1B4BE /* fr */ = {isa = PBXFileReference; lastKnownFileType = text.plist.strings; name = fr; path = fr.lproj/Main.strings; sourceTree = "<group>"; };
		BB7132541FA1BC1800E1B4BE /* fr */ = {isa = PBXFileReference; lastKnownFileType = text.plist.strings; name = fr; path = fr.lproj/LaunchScreen.strings; sourceTree = "<group>"; };
		BB7132581FA1BC8100E1B4BE /* fr */ = {isa = PBXFileReference; lastKnownFileType = text.plist.strings; name = fr; path = fr.lproj/InfoPlist.strings; sourceTree = "<group>"; };
		BB71325D1FA1BC8100E1B4BE /* fr */ = {isa = PBXFileReference; lastKnownFileType = text.plist.strings; name = fr; path = fr.lproj/Localizable.strings; sourceTree = "<group>"; };
		BB71325F1FA1BDCD00E1B4BE /* en */ = {isa = PBXFileReference; lastKnownFileType = text.plist.strings; name = en; path = en.lproj/Localizable.strings; sourceTree = "<group>"; };
/* End PBXFileReference section */

/* Begin PBXFrameworksBuildPhase section */
		BB71321F1FA1B51300E1B4BE /* Frameworks */ = {
			isa = PBXFrameworksBuildPhase;
			buildActionMask = 2147483647;
			files = (
			);
			runOnlyForDeploymentPostprocessing = 0;
		};
		BB7132331FA1B51400E1B4BE /* Frameworks */ = {
			isa = PBXFrameworksBuildPhase;
			buildActionMask = 2147483647;
			files = (
			);
			runOnlyForDeploymentPostprocessing = 0;
		};
		BB71323E1FA1B51400E1B4BE /* Frameworks */ = {
			isa = PBXFrameworksBuildPhase;
			buildActionMask = 2147483647;
			files = (
			);
			runOnlyForDeploymentPostprocessing = 0;
		};
/* End PBXFrameworksBuildPhase section */

/* Begin PBXGroup section */
		BB7132191FA1B51300E1B4BE = {
			isa = PBXGroup;
			children = (
				BB7132241FA1B51400E1B4BE /* poc-i18n */,
				BB7132391FA1B51400E1B4BE /* poc-i18nTests */,
				BB7132441FA1B51400E1B4BE /* poc-i18nUITests */,
				BB7132231FA1B51400E1B4BE /* Products */,
			);
			sourceTree = "<group>";
		};
		BB7132231FA1B51400E1B4BE /* Products */ = {
			isa = PBXGroup;
			children = (
				BB7132221FA1B51400E1B4BE /* poc-i18n.app */,
				BB7132361FA1B51400E1B4BE /* poc-i18nTests.xctest */,
				BB7132411FA1B51400E1B4BE /* poc-i18nUITests.xctest */,
			);
			name = Products;
			sourceTree = "<group>";
		};
		BB7132241FA1B51400E1B4BE /* poc-i18n */ = {
			isa = PBXGroup;
			children = (
				BB71325E1FA1BC8100E1B4BE /* Localizable.strings */,
				BB7132591FA1BC8100E1B4BE /* InfoPlist.strings */,
				BB7132251FA1B51400E1B4BE /* AppDelegate.swift */,
				BB7132271FA1B51400E1B4BE /* ViewController.swift */,
				BB7132291FA1B51400E1B4BE /* Main.storyboard */,
				BB71322C1FA1B51400E1B4BE /* Assets.xcassets */,
				BB71322E1FA1B51400E1B4BE /* LaunchScreen.storyboard */,
				BB7132311FA1B51400E1B4BE /* Info.plist */,
			);
			path = "poc-i18n";
			sourceTree = "<group>";
		};
		BB7132391FA1B51400E1B4BE /* poc-i18nTests */ = {
			isa = PBXGroup;
			children = (
				BB71323A1FA1B51400E1B4BE /* poc_i18nTests.swift */,
				BB71323C1FA1B51400E1B4BE /* Info.plist */,
			);
			path = "poc-i18nTests";
			sourceTree = "<group>";
		};
		BB7132441FA1B51400E1B4BE /* poc-i18nUITests */ = {
			isa = PBXGroup;
			children = (
				BB7132451FA1B51400E1B4BE /* poc_i18nUITests.swift */,
				BB7132471FA1B51400E1B4BE /* Info.plist */,
			);
			path = "poc-i18nUITests";
			sourceTree = "<group>";
		};
/* End PBXGroup section */

/* Begin PBXNativeTarget section */
		BB7132211FA1B51300E1B4BE /* poc-i18n */ = {
			isa = PBXNativeTarget;
			buildConfigurationList = BB71324A1FA1B51400E1B4BE /* Build configuration list for PBXNativeTarget "poc-i18n" */;
			buildPhases = (
				BB71321E1FA1B51300E1B4BE /* Sources */,
				BB71321F1FA1B51300E1B4BE /* Frameworks */,
				BB7132201FA1B51300E1B4BE /* Resources */,
			);
			buildRules = (
			);
			dependencies = (
			);
			name = "poc-i18n";
			productName = "poc-i18n";
			productReference = BB7132221FA1B51400E1B4BE /* poc-i18n.app */;
			productType = "com.apple.product-type.application";
		};
		BB7132351FA1B51400E1B4BE /* poc-i18nTests */ = {
			isa = PBXNativeTarget;
			buildConfigurationList = BB71324D1FA1B51400E1B4BE /* Build configuration list for PBXNativeTarget "poc-i18nTests" */;
			buildPhases = (
				BB7132321FA1B51400E1B4BE /* Sources */,
				BB7132331FA1B51400E1B4BE /* Frameworks */,
				BB7132341FA1B51400E1B4BE /* Resources */,
			);
			buildRules = (
			);
			dependencies = (
				BB7132381FA1B51400E1B4BE /* PBXTargetDependency */,
			);
			name = "poc-i18nTests";
			productName = "poc-i18nTests";
			productReference = BB7132361FA1B51400E1B4BE /* poc-i18nTests.xctest */;
			productType = "com.apple.product-type.bundle.unit-test";
		};
		BB7132401FA1B51400E1B4BE /* poc-i18nUITests */ = {
			isa = PBXNativeTarget;
			buildConfigurationList = BB7132501FA1B51400E1B4BE /* Build configuration list for PBXNativeTarget "poc-i18nUITests" */;
			buildPhases = (
				BB71323D1FA1B51400E1B4BE /* Sources */,
				BB71323E1FA1B51400E1B4BE /* Frameworks */,
				BB71323F1FA1B51400E1B4BE /* Resources */,
			);
			buildRules = (
			);
			dependencies = (
				BB7132431FA1B51400E1B4BE /* PBXTargetDependency */,
			);
			name = "poc-i18nUITests";
			productName = "poc-i18nUITests";
			productReference = BB7132411FA1B51400E1B4BE /* poc-i18nUITests.xctest */;
			productType = "com.apple.product-type.bundle.ui-testing";
		};
/* End PBXNativeTarget section */

/* Begin PBXProject section */
		BB71321A1FA1B51300E1B4BE /* Project object */ = {
			isa = PBXProject;
			attributes = {
				LastSwiftUpdateCheck = 0900;
				LastUpgradeCheck = 0900;
				ORGANIZATIONNAME = tbo;
				TargetAttributes = {
					BB7132211FA1B51300E1B4BE = {
						CreatedOnToolsVersion = 9.0.1;
						ProvisioningStyle = Automatic;
					};
					BB7132351FA1B51400E1B4BE = {
						CreatedOnToolsVersion = 9.0.1;
						ProvisioningStyle = Automatic;
						TestTargetID = BB7132211FA1B51300E1B4BE;
					};
					BB7132401FA1B51400E1B4BE = {
						CreatedOnToolsVersion = 9.0.1;
						ProvisioningStyle = Automatic;
						TestTargetID = BB7132211FA1B51300E1B4BE;
					};
				};
			};
			buildConfigurationList = BB71321D1FA1B51300E1B4BE /* Build configuration list for PBXProject "poc-i18n" */;
			compatibilityVersion = "Xcode 8.0";
			developmentRegion = en;
			hasScannedForEncodings = 0;
			knownRegions = (
				en,
				Base,
			);
			mainGroup = BB7132191FA1B51300E1B4BE;
			productRefGroup = BB7132231FA1B51400E1B4BE /* Products */;
			projectDirPath = "";
			projectRoot = "";
			targets = (
				BB7132211FA1B51300E1B4BE /* poc-i18n */,
				BB7132351FA1B51400E1B4BE /* poc-i18nTests */,
				BB7132401FA1B51400E1B4BE /* poc-i18nUITests */,
			);
		};
/* End PBXProject section */

/* Begin PBXResourcesBuildPhase section */
		BB7132201FA1B51300E1B4BE /* Resources */ = {
			isa = PBXResourcesBuildPhase;
			buildActionMask = 2147483647;
			files = (
				BB71325C1FA1BC8100E1B4BE /* Localizable.strings in Resources */,
				BB7132301FA1B51400E1B4BE /* LaunchScreen.storyboard in Resources */,
				BB7132571FA1BC8100E1B4BE /* InfoPlist.strings in Resources */,
				BB71322D1FA1B51400E1B4BE /* Assets.xcassets in Resources */,
				BB71322B1FA1B51400E1B4BE /* Main.storyboard in Resources */,
			);
			runOnlyForDeploymentPostprocessing = 0;
		};
		BB7132341FA1B51400E1B4BE /* Resources */ = {
			isa = PBXResourcesBuildPhase;
			buildActionMask = 2147483647;
			files = (
			);
			runOnlyForDeploymentPostprocessing = 0;
		};
		BB71323F1FA1B51400E1B4BE /* Resources */ = {
			isa = PBXResourcesBuildPhase;
			buildActionMask = 2147483647;
			files = (
			);
			runOnlyForDeploymentPostprocessing = 0;
		};
/* End PBXResourcesBuildPhase section */

/* Begin PBXSourcesBuildPhase section */
		BB71321E1FA1B51300E1B4BE /* Sources */ = {
			isa = PBXSourcesBuildPhase;
			buildActionMask = 2147483647;
			files = (
				BB7132281FA1B51400E1B4BE /* ViewController.swift in Sources */,
				BB7132261FA1B51400E1B4BE /* AppDelegate.swift in Sources */,
			);
			runOnlyForDeploymentPostprocessing = 0;
		};
		BB7132321FA1B51400E1B4BE /* Sources */ = {
			isa = PBXSourcesBuildPhase;
			buildActionMask = 2147483647;
			files = (
				BB71323B1FA1B51400E1B4BE /* poc_i18nTests.swift in Sources */,
			);
			runOnlyForDeploymentPostprocessing = 0;
		};
		BB71323D1FA1B51400E1B4BE /* Sources */ = {
			isa = PBXSourcesBuildPhase;
			buildActionMask = 2147483647;
			files = (
				BB7132461FA1B51400E1B4BE /* poc_i18nUITests.swift in Sources */,
			);
			runOnlyForDeploymentPostprocessing = 0;
		};
/* End PBXSourcesBuildPhase section */

/* Begin PBXTargetDependency section */
		BB7132381FA1B51400E1B4BE /* PBXTargetDependency */ = {
			isa = PBXTargetDependency;
			target = BB7132211FA1B51300E1B4BE /* poc-i18n */;
			targetProxy = BB7132371FA1B51400E1B4BE /* PBXContainerItemProxy */;
		};
		BB7132431FA1B51400E1B4BE /* PBXTargetDependency */ = {
			isa = PBXTargetDependency;
			target = BB7132211FA1B51300E1B4BE /* poc-i18n */;
			targetProxy = BB7132421FA1B51400E1B4BE /* PBXContainerItemProxy */;
		};
/* End PBXTargetDependency section */

/* Begin PBXVariantGroup section */
		BB7132291FA1B51400E1B4BE /* Main.storyboard */ = {
			isa = PBXVariantGroup;
			children = (
				BB71322A1FA1B51400E1B4BE /* Base */,
				BB7132531FA1BC1800E1B4BE /* fr */,
			);
			name = Main.storyboard;
			sourceTree = "<group>";
		};
		BB71322E1FA1B51400E1B4BE /* LaunchScreen.storyboard */ = {
			isa = PBXVariantGroup;
			children = (
				BB71322F1FA1B51400E1B4BE /* Base */,
				BB7132541FA1BC1800E1B4BE /* fr */,
			);
			name = LaunchScreen.storyboard;
			sourceTree = "<group>";
		};
		BB7132591FA1BC8100E1B4BE /* InfoPlist.strings */ = {
			isa = PBXVariantGroup;
			children = (
				BB7132581FA1BC8100E1B4BE /* fr */,
			);
			name = InfoPlist.strings;
			sourceTree = "<group>";
		};
		BB71325E1FA1BC8100E1B4BE /* Localizable.strings */ = {
			isa = PBXVariantGroup;
			children = (
				BB71325D1FA1BC8100E1B4BE /* fr */,
				BB71325F1FA1BDCD00E1B4BE /* en */,
			);
			name = Localizable.strings;
			sourceTree = "<group>";
		};
/* End PBXVariantGroup section */

/* Begin XCBuildConfiguration section */
		BB7132481FA1B51400E1B4BE /* Debug */ = {
			isa = XCBuildConfiguration;
			buildSettings = {
				ALWAYS_SEARCH_USER_PATHS = NO;
				CLANG_ANALYZER_LOCALIZABILITY_NONLOCALIZED = YES;
				CLANG_ANALYZER_NONNULL = YES;
				CLANG_ANALYZER_NUMBER_OBJECT_CONVERSION = YES_AGGRESSIVE;
				CLANG_CXX_LANGUAGE_STANDARD = "gnu++14";
				CLANG_CXX_LIBRARY = "libc++";
				CLANG_ENABLE_MODULES = YES;
				CLANG_ENABLE_OBJC_ARC = YES;
				CLANG_WARN_BLOCK_CAPTURE_AUTORELEASING = YES;
				CLANG_WARN_BOOL_CONVERSION = YES;
				CLANG_WARN_COMMA = YES;
				CLANG_WARN_CONSTANT_CONVERSION = YES;
				CLANG_WARN_DIRECT_OBJC_ISA_USAGE = YES_ERROR;
				CLANG_WARN_DOCUMENTATION_COMMENTS = YES;
				CLANG_WARN_EMPTY_BODY = YES;
				CLANG_WARN_ENUM_CONVERSION = YES;
				CLANG_WARN_INFINITE_RECURSION = YES;
				CLANG_WARN_INT_CONVERSION = YES;
				CLANG_WARN_NON_LITERAL_NULL_CONVERSION = YES;
				CLANG_WARN_OBJC_LITERAL_CONVERSION = YES;
				CLANG_WARN_OBJC_ROOT_CLASS = YES_ERROR;
				CLANG_WARN_RANGE_LOOP_ANALYSIS = YES;
				CLANG_WARN_STRICT_PROTOTYPES = YES;
				CLANG_WARN_SUSPICIOUS_MOVE = YES;
				CLANG_WARN_UNGUARDED_AVAILABILITY = YES_AGGRESSIVE;
				CLANG_WARN_UNREACHABLE_CODE = YES;
				CLANG_WARN__DUPLICATE_METHOD_MATCH = YES;
				CODE_SIGN_IDENTITY = "iPhone Developer";
				COPY_PHASE_STRIP = NO;
				DEBUG_INFORMATION_FORMAT = dwarf;
				ENABLE_STRICT_OBJC_MSGSEND = YES;
				ENABLE_TESTABILITY = YES;
				GCC_C_LANGUAGE_STANDARD = gnu11;
				GCC_DYNAMIC_NO_PIC = NO;
				GCC_NO_COMMON_BLOCKS = YES;
				GCC_OPTIMIZATION_LEVEL = 0;
				GCC_PREPROCESSOR_DEFINITIONS = (
					"DEBUG=1",
					"$(inherited)",
				);
				GCC_WARN_64_TO_32_BIT_CONVERSION = YES;
				GCC_WARN_ABOUT_RETURN_TYPE = YES_ERROR;
				GCC_WARN_UNDECLARED_SELECTOR = YES;
				GCC_WARN_UNINITIALIZED_AUTOS = YES_AGGRESSIVE;
				GCC_WARN_UNUSED_FUNCTION = YES;
				GCC_WARN_UNUSED_VARIABLE = YES;
				IPHONEOS_DEPLOYMENT_TARGET = 11.0;
				MTL_ENABLE_DEBUG_INFO = YES;
				ONLY_ACTIVE_ARCH = YES;
				SDKROOT = iphoneos;
				SWIFT_ACTIVE_COMPILATION_CONDITIONS = DEBUG;
				SWIFT_OPTIMIZATION_LEVEL = "-Onone";
			};
			name = Debug;
		};
		BB7132491FA1B51400E1B4BE /* Release */ = {
			isa = XCBuildConfiguration;
			buildSettings = {
				ALWAYS_SEARCH_USER_PATHS = NO;
				CLANG_ANALYZER_LOCALIZABILITY_NONLOCALIZED = YES;
				CLANG_ANALYZER_NONNULL = YES;
				CLANG_ANALYZER_NUMBER_OBJECT_CONVERSION = YES_AGGRESSIVE;
				CLANG_CXX_LANGUAGE_STANDARD = "gnu++14";
				CLANG_CXX_LIBRARY = "libc++";
				CLANG_ENABLE_MODULES = YES;
				CLANG_ENABLE_OBJC_ARC = YES;
				CLANG_WARN_BLOCK_CAPTURE_AUTORELEASING = YES;
				CLANG_WARN_BOOL_CONVERSION = YES;
				CLANG_WARN_COMMA = YES;
				CLANG_WARN_CONSTANT_CONVERSION = YES;
				CLANG_WARN_DIRECT_OBJC_ISA_USAGE = YES_ERROR;
				CLANG_WARN_DOCUMENTATION_COMMENTS = YES;
				CLANG_WARN_EMPTY_BODY = YES;
				CLANG_WARN_ENUM_CONVERSION = YES;
				CLANG_WARN_INFINITE_RECURSION = YES;
				CLANG_WARN_INT_CONVERSION = YES;
				CLANG_WARN_NON_LITERAL_NULL_CONVERSION = YES;
				CLANG_WARN_OBJC_LITERAL_CONVERSION = YES;
				CLANG_WARN_OBJC_ROOT_CLASS = YES_ERROR;
				CLANG_WARN_RANGE_LOOP_ANALYSIS = YES;
				CLANG_WARN_STRICT_PROTOTYPES = YES;
				CLANG_WARN_SUSPICIOUS_MOVE = YES;
				CLANG_WARN_UNGUARDED_AVAILABILITY = YES_AGGRESSIVE;
				CLANG_WARN_UNREACHABLE_CODE = YES;
				CLANG_WARN__DUPLICATE_METHOD_MATCH = YES;
				CODE_SIGN_IDENTITY = "iPhone Developer";
				COPY_PHASE_STRIP = NO;
				DEBUG_INFORMATION_FORMAT = "dwarf-with-dsym";
				ENABLE_NS_ASSERTIONS = NO;
				ENABLE_STRICT_OBJC_MSGSEND = YES;
				GCC_C_LANGUAGE_STANDARD = gnu11;
				GCC_NO_COMMON_BLOCKS = YES;
				GCC_WARN_64_TO_32_BIT_CONVERSION = YES;
				GCC_WARN_ABOUT_RETURN_TYPE = YES_ERROR;
				GCC_WARN_UNDECLARED_SELECTOR = YES;
				GCC_WARN_UNINITIALIZED_AUTOS = YES_AGGRESSIVE;
				GCC_WARN_UNUSED_FUNCTION = YES;
				GCC_WARN_UNUSED_VARIABLE = YES;
				IPHONEOS_DEPLOYMENT_TARGET = 11.0;
				MTL_ENABLE_DEBUG_INFO = NO;
				SDKROOT = iphoneos;
				SWIFT_OPTIMIZATION_LEVEL = "-Owholemodule";
				VALIDATE_PRODUCT = YES;
			};
			name = Release;
		};
		BB71324B1FA1B51400E1B4BE /* Debug */ = {
			isa = XCBuildConfiguration;
			buildSettings = {
				ASSETCATALOG_COMPILER_APPICON_NAME = AppIcon;
				CODE_SIGN_STYLE = Automatic;
				DEVELOPMENT_TEAM = 82A759NLEQ;
				INFOPLIST_FILE = "poc-i18n/Info.plist";
				LD_RUNPATH_SEARCH_PATHS = "$(inherited) @executable_path/Frameworks";
				PRODUCT_BUNDLE_IDENTIFIER = "tbo.poc-i18n";
				PRODUCT_NAME = "$(TARGET_NAME)";
				SWIFT_VERSION = 4.0;
				TARGETED_DEVICE_FAMILY = "1,2";
			};
			name = Debug;
		};
		BB71324C1FA1B51400E1B4BE /* Release */ = {
			isa = XCBuildConfiguration;
			buildSettings = {
				ASSETCATALOG_COMPILER_APPICON_NAME = AppIcon;
				CODE_SIGN_STYLE = Automatic;
				DEVELOPMENT_TEAM = 82A759NLEQ;
				INFOPLIST_FILE = "poc-i18n/Info.plist";
				LD_RUNPATH_SEARCH_PATHS = "$(inherited) @executable_path/Frameworks";
				PRODUCT_BUNDLE_IDENTIFIER = "tbo.poc-i18n";
				PRODUCT_NAME = "$(TARGET_NAME)";
				SWIFT_VERSION = 4.0;
				TARGETED_DEVICE_FAMILY = "1,2";
			};
			name = Release;
		};
		BB71324E1FA1B51400E1B4BE /* Debug */ = {
			isa = XCBuildConfiguration;
			buildSettings = {
				ALWAYS_EMBED_SWIFT_STANDARD_LIBRARIES = YES;
				BUNDLE_LOADER = "$(TEST_HOST)";
				CODE_SIGN_STYLE = Automatic;
				DEVELOPMENT_TEAM = 82A759NLEQ;
				INFOPLIST_FILE = "poc-i18nTests/Info.plist";
				LD_RUNPATH_SEARCH_PATHS = "$(inherited) @executable_path/Frameworks @loader_path/Frameworks";
				PRODUCT_BUNDLE_IDENTIFIER = "tbo.poc-i18nTests";
				PRODUCT_NAME = "$(TARGET_NAME)";
				SWIFT_VERSION = 4.0;
				TARGETED_DEVICE_FAMILY = "1,2";
				TEST_HOST = "$(BUILT_PRODUCTS_DIR)/poc-i18n.app/poc-i18n";
			};
			name = Debug;
		};
		BB71324F1FA1B51400E1B4BE /* Release */ = {
			isa = XCBuildConfiguration;
			buildSettings = {
				ALWAYS_EMBED_SWIFT_STANDARD_LIBRARIES = YES;
				BUNDLE_LOADER = "$(TEST_HOST)";
				CODE_SIGN_STYLE = Automatic;
				DEVELOPMENT_TEAM = 82A759NLEQ;
				INFOPLIST_FILE = "poc-i18nTests/Info.plist";
				LD_RUNPATH_SEARCH_PATHS = "$(inherited) @executable_path/Frameworks @loader_path/Frameworks";
				PRODUCT_BUNDLE_IDENTIFIER = "tbo.poc-i18nTests";
				PRODUCT_NAME = "$(TARGET_NAME)";
				SWIFT_VERSION = 4.0;
				TARGETED_DEVICE_FAMILY = "1,2";
				TEST_HOST = "$(BUILT_PRODUCTS_DIR)/poc-i18n.app/poc-i18n";
			};
			name = Release;
		};
		BB7132511FA1B51400E1B4BE /* Debug */ = {
			isa = XCBuildConfiguration;
			buildSettings = {
				ALWAYS_EMBED_SWIFT_STANDARD_LIBRARIES = YES;
				CODE_SIGN_STYLE = Automatic;
				DEVELOPMENT_TEAM = 82A759NLEQ;
				INFOPLIST_FILE = "poc-i18nUITests/Info.plist";
				LD_RUNPATH_SEARCH_PATHS = "$(inherited) @executable_path/Frameworks @loader_path/Frameworks";
				PRODUCT_BUNDLE_IDENTIFIER = "tbo.poc-i18nUITests";
				PRODUCT_NAME = "$(TARGET_NAME)";
				SWIFT_VERSION = 4.0;
				TARGETED_DEVICE_FAMILY = "1,2";
				TEST_TARGET_NAME = "poc-i18n";
			};
			name = Debug;
		};
		BB7132521FA1B51400E1B4BE /* Release */ = {
			isa = XCBuildConfiguration;
			buildSettings = {
				ALWAYS_EMBED_SWIFT_STANDARD_LIBRARIES = YES;
				CODE_SIGN_STYLE = Automatic;
				DEVELOPMENT_TEAM = 82A759NLEQ;
				INFOPLIST_FILE = "poc-i18nUITests/Info.plist";
				LD_RUNPATH_SEARCH_PATHS = "$(inherited) @executable_path/Frameworks @loader_path/Frameworks";
				PRODUCT_BUNDLE_IDENTIFIER = "tbo.poc-i18nUITests";
				PRODUCT_NAME = "$(TARGET_NAME)";
				SWIFT_VERSION = 4.0;
				TARGETED_DEVICE_FAMILY = "1,2";
				TEST_TARGET_NAME = "poc-i18n";
			};
			name = Release;
		};
/* End XCBuildConfiguration section */

/* Begin XCConfigurationList section */
		BB71321D1FA1B51300E1B4BE /* Build configuration list for PBXProject "poc-i18n" */ = {
			isa = XCConfigurationList;
			buildConfigurations = (
				BB7132481FA1B51400E1B4BE /* Debug */,
				BB7132491FA1B51400E1B4BE /* Release */,
			);
			defaultConfigurationIsVisible = 0;
			defaultConfigurationName = Release;
		};
		BB71324A1FA1B51400E1B4BE /* Build configuration list for PBXNativeTarget "poc-i18n" */ = {
			isa = XCConfigurationList;
			buildConfigurations = (
				BB71324B1FA1B51400E1B4BE /* Debug */,
				BB71324C1FA1B51400E1B4BE /* Release */,
			);
			defaultConfigurationIsVisible = 0;
			defaultConfigurationName = Release;
		};
		BB71324D1FA1B51400E1B4BE /* Build configuration list for PBXNativeTarget "poc-i18nTests" */ = {
			isa = XCConfigurationList;
			buildConfigurations = (
				BB71324E1FA1B51400E1B4BE /* Debug */,
				BB71324F1FA1B51400E1B4BE /* Release */,
			);
			defaultConfigurationIsVisible = 0;
			defaultConfigurationName = Release;
		};
		BB7132501FA1B51400E1B4BE /* Build configuration list for PBXNativeTarget "poc-i18nUITests" */ = {
			isa = XCConfigurationList;
			buildConfigurations = (
				BB7132511FA1B51400E1B4BE /* Debug */,
				BB7132521FA1B51400E1B4BE /* Release */,
			);
			defaultConfigurationIsVisible = 0;
			defaultConfigurationName = Release;
		};
/* End XCConfigurationList section */
	};
	rootObject = BB71321A1FA1B51300E1B4BE /* Project object */;
}
